<?xml version="1.0" encoding="utf-8"?>
<Project ToolsVersion="4.0" xmlns="http://schemas.microsoft.com/developer/msbuild/2003">
  <ItemGroup>
    <Filter Include="소스 파일">
      <UniqueIdentifier>{4FC737F1-C7A5-4376-A066-2A32D752A2FF}</UniqueIdentifier>
      <Extensions>cpp;c;cc;cxx;def;odl;idl;hpj;bat;asm;asmx</Extensions>
    </Filter>
    <Filter Include="헤더 파일">
      <UniqueIdentifier>{93995380-89BD-4b04-88EB-625FBE52EBFB}</UniqueIdentifier>
      <Extensions>h;hh;hpp;hxx;hm;inl;inc;xsd</Extensions>
    </Filter>
    <Filter Include="Actuators">
      <UniqueIdentifier>{8949d048-fbfc-457c-8d34-1a5fcc8b46ea}</UniqueIdentifier>
    </Filter>
    <Filter Include="OperationThreads">
      <UniqueIdentifier>{40d4269c-8b6f-4f8c-8c3b-457f5f950ee3}</UniqueIdentifier>
    </Filter>
    <Filter Include="OperationThreads\UnitLoad1">
      <UniqueIdentifier>{7552112c-d231-4506-a913-43a76c5f675f}</UniqueIdentifier>
    </Filter>
    <Filter Include="OperationThreads\UnitLoad2">
      <UniqueIdentifier>{bab30b65-2400-435b-9f59-8156264bcff3}</UniqueIdentifier>
    </Filter>
    <Filter Include="소스 파일\리소스 파일">
      <UniqueIdentifier>{67DA6AB6-F800-4c08-8B7A-83BB121AAD01}</UniqueIdentifier>
      <Extensions>rc;ico;cur;bmp;dlg;rc2;rct;bin;rgs;gif;jpg;jpeg;jpe;resx;tiff;tif;png;wav;mfcribbon-ms</Extensions>
    </Filter>
    <Filter Include="VAT">
      <UniqueIdentifier>{1b4cf6d5-579f-4263-9983-21e450ff74d0}</UniqueIdentifier>
    </Filter>
  </ItemGroup>
  <ItemGroup>
    <Text Include="ReadMe.txt" />
  </ItemGroup>
  <ItemGroup>
    <ClInclude Include="Equipment2015.h">
      <Filter>헤더 파일</Filter>
    </ClInclude>
    <ClInclude Include="Equipment2015Dlg.h">
      <Filter>헤더 파일</Filter>
    </ClInclude>
    <ClInclude Include="stdafx.h">
      <Filter>헤더 파일</Filter>
    </ClInclude>
    <ClInclude Include="targetver.h">
      <Filter>헤더 파일</Filter>
    </ClInclude>
    <ClInclude Include="Resource.h">
      <Filter>헤더 파일</Filter>
    </ClInclude>
    <ClInclude Include="Actuators\CAxisController.h">
      <Filter>Actuators</Filter>
    </ClInclude>
    <ClInclude Include="Actuators\CCylinderBase.h">
      <Filter>Actuators</Filter>
    </ClInclude>
    <ClInclude Include="Actuators\CLamp.h">
      <Filter>Actuators</Filter>
    </ClInclude>
    <ClInclude Include="Actuators\CMmceIo.h">
      <Filter>Actuators</Filter>
    </ClInclude>
    <ClInclude Include="Actuators\COPSwitch.h">
      <Filter>Actuators</Filter>
    </ClInclude>
    <ClInclude Include="Actuators\CTimer.h">
      <Filter>Actuators</Filter>
    </ClInclude>
    <ClInclude Include="Actuators\ICylinder.h">
      <Filter>Actuators</Filter>
    </ClInclude>
    <ClInclude Include="Actuators\IDio.h">
      <Filter>Actuators</Filter>
    </ClInclude>
    <ClInclude Include="Actuators\IOPSwitch.h">
      <Filter>Actuators</Filter>
    </ClInclude>
    <ClInclude Include="Actuators\Load1Parts.h">
      <Filter>Actuators</Filter>
    </ClInclude>
    <ClInclude Include="Actuators\Load2Parts.h">
      <Filter>Actuators</Filter>
    </ClInclude>
    <ClInclude Include="OperationThreads\Load1ActivityBuilder.h">
      <Filter>OperationThreads\UnitLoad1</Filter>
    </ClInclude>
    <ClInclude Include="OperationThreads\Load1TaskPick.h">
      <Filter>OperationThreads\UnitLoad1</Filter>
    </ClInclude>
    <ClInclude Include="OperationThreads\Load1TaskPlace.h">
      <Filter>OperationThreads\UnitLoad1</Filter>
    </ClInclude>
    <ClInclude Include="OperationThreads\Load2TaskPlace.h">
      <Filter>OperationThreads\UnitLoad2</Filter>
    </ClInclude>
    <ClInclude Include="OperationThreads\Load2TaskPick.h">
      <Filter>OperationThreads\UnitLoad2</Filter>
    </ClInclude>
    <ClInclude Include="OperationThreads\Load2ActivityBuilder.h">
      <Filter>OperationThreads\UnitLoad2</Filter>
    </ClInclude>
    <ClInclude Include="Actuators\CylinderTypes.h">
      <Filter>Actuators</Filter>
    </ClInclude>
    <ClInclude Include="VAT\LoadPPAdapter.h">
      <Filter>VAT</Filter>
    </ClInclude>
    <ClInclude Include="Actuators\SetPlate1Parts.h">
      <Filter>Actuators</Filter>
    </ClInclude>
    <ClInclude Include="VAT\PLVIAdapterSetPlate1.h">
      <Filter>VAT</Filter>
    </ClInclude>
    <ClInclude Include="Actuators\VisionUnitParts.h">
      <Filter>Actuators</Filter>
    </ClInclude>
    <ClInclude Include="VAT\VisionUnitAdapter.h">
      <Filter>VAT</Filter>
    </ClInclude>
  </ItemGroup>
  <ItemGroup>
    <ClCompile Include="Equipment2015.cpp">
      <Filter>소스 파일</Filter>
    </ClCompile>
    <ClCompile Include="Equipment2015Dlg.cpp">
      <Filter>소스 파일</Filter>
    </ClCompile>
    <ClCompile Include="stdafx.cpp">
      <Filter>소스 파일</Filter>
    </ClCompile>
    <ClCompile Include="Actuators\CCylinderBase.cpp">
      <Filter>Actuators</Filter>
    </ClCompile>
    <ClCompile Include="Actuators\CMmceIo.cpp">
      <Filter>Actuators</Filter>
    </ClCompile>
    <ClCompile Include="Actuators\COPSwitch.cpp">
      <Filter>Actuators</Filter>
    </ClCompile>
    <ClCompile Include="Actuators\CTimer.cpp">
      <Filter>Actuators</Filter>
    </ClCompile>
    <ClCompile Include="Actuators\Load1Parts.cpp">
      <Filter>Actuators</Filter>
    </ClCompile>
    <ClCompile Include="Actuators\Load2Parts.cpp">
      <Filter>Actuators</Filter>
    </ClCompile>
    <ClCompile Include="OperationThreads\Load1TaskPick.cpp">
      <Filter>OperationThreads\UnitLoad1</Filter>
    </ClCompile>
    <ClCompile Include="OperationThreads\Load1TaskPlace.cpp">
      <Filter>OperationThreads\UnitLoad1</Filter>
    </ClCompile>
    <ClCompile Include="OperationThreads\Load2TaskPlace.cpp">
      <Filter>OperationThreads\UnitLoad2</Filter>
    </ClCompile>
    <ClCompile Include="OperationThreads\Load2TaskPick.cpp">
      <Filter>OperationThreads\UnitLoad2</Filter>
    </ClCompile>
    <ClCompile Include="OperationThreads\Load1ActivityBuilder.cpp">
      <Filter>OperationThreads\UnitLoad1</Filter>
    </ClCompile>
    <ClCompile Include="OperationThreads\Load2ActivityBuilder.cpp">
      <Filter>OperationThreads\UnitLoad2</Filter>
    </ClCompile>
    <ClCompile Include="VAT\LoadPPAdapter.cpp">
      <Filter>VAT</Filter>
    </ClCompile>
    <ClCompile Include="VAT\PLVIAdapterSetPlate1.cpp">
      <Filter>VAT</Filter>
    </ClCompile>
    <ClCompile Include="VAT\VisionUnitAdapter.cpp">
      <Filter>VAT</Filter>
    </ClCompile>
  </ItemGroup>
  <ItemGroup>
    <ResourceCompile Include="Equipment2015.rc">
      <Filter>소스 파일\리소스 파일</Filter>
    </ResourceCompile>
  </ItemGroup>
  <ItemGroup>
    <None Include="res\Equipment2015.rc2">
      <Filter>소스 파일\리소스 파일</Filter>
    </None>
  </ItemGroup>
  <ItemGroup>
    <Image Include="res\Equipment2015.ico">
      <Filter>소스 파일\리소스 파일</Filter>
    </Image>
  </ItemGroup>
</Project>