<?xml version="1.0" encoding="utf-8"?>
<Project ToolsVersion="4.0" xmlns="http://schemas.microsoft.com/developer/msbuild/2003">
  <ItemGroup>
    <Filter Include="소스 파일">
      <UniqueIdentifier>{4FC737F1-C7A5-4376-A066-2A32D752A2FF}</UniqueIdentifier>
      <Extensions>cpp;c;cc;cxx;def;odl;idl;hpj;bat;asm;asmx</Extensions>
    </Filter>
    <Filter Include="헤더 파일">
      <UniqueIdentifier>{93995380-89BD-4b04-88EB-625FBE52EBFB}</UniqueIdentifier>
      <Extensions>h;hh;hpp;hxx;hm;inl;inc;xsd</Extensions>
    </Filter>
    <Filter Include="리소스 파일">
      <UniqueIdentifier>{67DA6AB6-F800-4c08-8B7A-83BB121AAD01}</UniqueIdentifier>
      <Extensions>rc;ico;cur;bmp;dlg;rc2;rct;bin;rgs;gif;jpg;jpeg;jpe;resx;tiff;tif;png;wav;mfcribbon-ms</Extensions>
    </Filter>
    <Filter Include="Actuators">
      <UniqueIdentifier>{8949d048-fbfc-457c-8d34-1a5fcc8b46ea}</UniqueIdentifier>
    </Filter>
    <Filter Include="VMFramework">
      <UniqueIdentifier>{bae83fe6-680d-4913-b671-5a5220b1898f}</UniqueIdentifier>
    </Filter>
  </ItemGroup>
  <ItemGroup>
    <Text Include="ReadMe.txt" />
  </ItemGroup>
  <ItemGroup>
    <ClInclude Include="Equipment2015.h">
      <Filter>헤더 파일</Filter>
    </ClInclude>
    <ClInclude Include="Equipment2015Dlg.h">
      <Filter>헤더 파일</Filter>
    </ClInclude>
    <ClInclude Include="stdafx.h">
      <Filter>헤더 파일</Filter>
    </ClInclude>
    <ClInclude Include="targetver.h">
      <Filter>헤더 파일</Filter>
    </ClInclude>
    <ClInclude Include="Resource.h">
      <Filter>헤더 파일</Filter>
    </ClInclude>
    <ClInclude Include="Actuators\CAxisController.h">
      <Filter>Actuators</Filter>
    </ClInclude>
    <ClInclude Include="Actuators\CClampReleaseCylinder.h">
      <Filter>Actuators</Filter>
    </ClInclude>
    <ClInclude Include="Actuators\CCylinderBase.h">
      <Filter>Actuators</Filter>
    </ClInclude>
    <ClInclude Include="Actuators\CForBackCylinder.h">
      <Filter>Actuators</Filter>
    </ClInclude>
    <ClInclude Include="Actuators\CLamp.h">
      <Filter>Actuators</Filter>
    </ClInclude>
    <ClInclude Include="Actuators\CMmceIo.h">
      <Filter>Actuators</Filter>
    </ClInclude>
    <ClInclude Include="Actuators\CNarrowWideCylinder.h">
      <Filter>Actuators</Filter>
    </ClInclude>
    <ClInclude Include="Actuators\COpenCloseCylinder.h">
      <Filter>Actuators</Filter>
    </ClInclude>
    <ClInclude Include="Actuators\COPSwitch.h">
      <Filter>Actuators</Filter>
    </ClInclude>
    <ClInclude Include="Actuators\CTimer.h">
      <Filter>Actuators</Filter>
    </ClInclude>
    <ClInclude Include="Actuators\CUpDownCylinder.h">
      <Filter>Actuators</Filter>
    </ClInclude>
    <ClInclude Include="Actuators\CVaccumBlowCylinder.h">
      <Filter>Actuators</Filter>
    </ClInclude>
    <ClInclude Include="Actuators\ICylinder.h">
      <Filter>Actuators</Filter>
    </ClInclude>
    <ClInclude Include="Actuators\IDio.h">
      <Filter>Actuators</Filter>
    </ClInclude>
    <ClInclude Include="Actuators\IOPSwitch.h">
      <Filter>Actuators</Filter>
    </ClInclude>
    <ClInclude Include="VMFramework\DefineVAT.h">
      <Filter>VMFramework</Filter>
    </ClInclude>
    <ClInclude Include="VMFramework\MemorySequenceStrategy.h">
      <Filter>VMFramework</Filter>
    </ClInclude>
    <ClInclude Include="VMFramework\VisionProtocal\VisionMemoryKeys.h">
      <Filter>VMFramework</Filter>
    </ClInclude>
    <ClInclude Include="VMFramework\VisionProtocal\VisionMemoryProcessor.h">
      <Filter>VMFramework</Filter>
    </ClInclude>
    <ClInclude Include="VMFramework\VisionProtocal\VisionPacketMemory.h">
      <Filter>VMFramework</Filter>
    </ClInclude>
    <ClInclude Include="VMFramework\mock\CMockDataRepository.h">
      <Filter>VMFramework</Filter>
    </ClInclude>
    <ClInclude Include="VMFramework\mock\CMockVisionEventHandler.h">
      <Filter>VMFramework</Filter>
    </ClInclude>
    <ClInclude Include="VMFramework\Load1\Load1Parts.h">
      <Filter>VMFramework</Filter>
    </ClInclude>
    <ClInclude Include="VMFramework\Load1\VatAdapterLoad1.h">
      <Filter>VMFramework</Filter>
    </ClInclude>
    <ClInclude Include="VMFramework\Load1\Sequences\CLoad1BacklashSequenceBuilder.h">
      <Filter>VMFramework</Filter>
    </ClInclude>
    <ClInclude Include="VMFramework\Load1\Sequences\CLoad1HandPitchCheckSequenceBuilder.h">
      <Filter>VMFramework</Filter>
    </ClInclude>
    <ClInclude Include="VMFramework\Load1\Sequences\CLoad1LowCamCheckSequenceBuilder.h">
      <Filter>VMFramework</Filter>
    </ClInclude>
    <ClInclude Include="VMFramework\Load1\Sequences\CLoad1LowCamFOVCheckSequenceBuilder.h">
      <Filter>VMFramework</Filter>
    </ClInclude>
    <ClInclude Include="VMFramework\Load1\Sequences\CLoad1PCDSequenceBuilder.h">
      <Filter>VMFramework</Filter>
    </ClInclude>
    <ClInclude Include="VMFramework\Load1\Sequences\CLoad1PlateJigFOVSequenceBuilder.h">
      <Filter>VMFramework</Filter>
    </ClInclude>
    <ClInclude Include="VMFramework\Load1\Sequences\CLoad1PlateJigSequenceBuilder.h">
      <Filter>VMFramework</Filter>
    </ClInclude>
    <ClInclude Include="VMFramework\Load1\Sequences\CLoad1TargetJigSequenceBuilder.h">
      <Filter>VMFramework</Filter>
    </ClInclude>
    <ClInclude Include="VMFramework\Load1\Sequences\CLoad1UpperCamCheckSequenceBuilder.h">
      <Filter>VMFramework</Filter>
    </ClInclude>
    <ClInclude Include="VMFramework\Load1\Sequences\CLoad1UpperCamFOVSequenceBuilder.h">
      <Filter>VMFramework</Filter>
    </ClInclude>
    <ClInclude Include="VMFramework\Load1\Sequences\CLoad1ZFocusSequenceBuilder.h">
      <Filter>VMFramework</Filter>
    </ClInclude>
    <ClInclude Include="VMFramework\Load1\Strategies\CLoad1BacklashSequenceStrategy.h">
      <Filter>VMFramework</Filter>
    </ClInclude>
    <ClInclude Include="VMFramework\Load1\Strategies\CLoad1CAM6FOVSequenceStrategy.h">
      <Filter>VMFramework</Filter>
    </ClInclude>
    <ClInclude Include="VMFramework\Load1\Strategies\CLoad1CAM7FOVSequenceStrategy.h">
      <Filter>VMFramework</Filter>
    </ClInclude>
    <ClInclude Include="VMFramework\Load1\Strategies\CLoad1HandPitchCheckSequenceStrategy.h">
      <Filter>VMFramework</Filter>
    </ClInclude>
    <ClInclude Include="VMFramework\Load1\Strategies\CLoad1LeftPlateJigCheckSequenceStrategy.h">
      <Filter>VMFramework</Filter>
    </ClInclude>
    <ClInclude Include="VMFramework\Load1\Strategies\CLoad1LeftPlateJIGFocusCheckSequenceStrategy.h">
      <Filter>VMFramework</Filter>
    </ClInclude>
    <ClInclude Include="VMFramework\Load1\Strategies\CLoad1LeftPlateJigFOVCheckSequenceStrategy.h">
      <Filter>VMFramework</Filter>
    </ClInclude>
    <ClInclude Include="VMFramework\Load1\Strategies\CLoad1LeftUpperCamCheckSequenceStrategy.h">
      <Filter>VMFramework</Filter>
    </ClInclude>
    <ClInclude Include="VMFramework\Load1\Strategies\CLoad1LowCamCheckSequenceStrategy.h">
      <Filter>VMFramework</Filter>
    </ClInclude>
    <ClInclude Include="VMFramework\Load1\Strategies\CLoad1LowCamFOVCheckSequenceStrategy.h">
      <Filter>VMFramework</Filter>
    </ClInclude>
    <ClInclude Include="VMFramework\Load1\Strategies\CLoad1LowCamPlateJIGFocusCheckSequenceStrategy.h">
      <Filter>VMFramework</Filter>
    </ClInclude>
    <ClInclude Include="VMFramework\Load1\Strategies\CLoad1LowPlateJIGCheckSequenceStrategy.h">
      <Filter>VMFramework</Filter>
    </ClInclude>
    <ClInclude Include="VMFramework\Load1\Strategies\CLoad1PCDSequenceStrategy.h">
      <Filter>VMFramework</Filter>
    </ClInclude>
    <ClInclude Include="VMFramework\Load1\Strategies\CLoad1RightJigFOVCheckSequenceStrategy.h">
      <Filter>VMFramework</Filter>
    </ClInclude>
    <ClInclude Include="VMFramework\Load1\Strategies\CLoad1RightPlateJigCheckSequenceStrategy.h">
      <Filter>VMFramework</Filter>
    </ClInclude>
    <ClInclude Include="VMFramework\Load1\Strategies\CLoad1RightPlateJIGFocusCheckSequenceStrategy.h">
      <Filter>VMFramework</Filter>
    </ClInclude>
    <ClInclude Include="VMFramework\Load1\Strategies\CLoad1RightUpperCamCheckSequenceStrategy.h">
      <Filter>VMFramework</Filter>
    </ClInclude>
    <ClInclude Include="VMFramework\Load1\Tasks\CLoad1PerformPickerFOVScanningTask.h">
      <Filter>VMFramework</Filter>
    </ClInclude>
    <ClInclude Include="VMFramework\Load1\Tasks\CLoad1PerformPCDScanningTask.h">
      <Filter>VMFramework</Filter>
    </ClInclude>
    <ClInclude Include="VMFramework\Load1\Tasks\CLoad1PerformHandPitchScanningTask.h">
      <Filter>VMFramework</Filter>
    </ClInclude>
    <ClInclude Include="VMFramework\Load1\Tasks\CLoad1PerformFOVScanningTask.h">
      <Filter>VMFramework</Filter>
    </ClInclude>
    <ClInclude Include="VMFramework\Load1\Tasks\CLoad1PerformFocusScanningTask.h">
      <Filter>VMFramework</Filter>
    </ClInclude>
    <ClInclude Include="VMFramework\Load1\Tasks\CLoad1PerformCalibrationTask.h">
      <Filter>VMFramework</Filter>
    </ClInclude>
    <ClInclude Include="VMFramework\Load1\Tasks\CLoad1PerformBacklashScanningTask.h">
      <Filter>VMFramework</Filter>
    </ClInclude>
    <ClInclude Include="VMFramework\Load1\Tasks\CLoad1MoveToStartPositionTask.h">
      <Filter>VMFramework</Filter>
    </ClInclude>
    <ClInclude Include="VMFramework\Load1\Tasks\CLoad1FindAlignPosTask.h">
      <Filter>VMFramework</Filter>
    </ClInclude>
    <ClInclude Include="VMFramework\Load1\Tasks\CLoad1CommitTeachingPosTask.h">
      <Filter>VMFramework</Filter>
    </ClInclude>
    <ClInclude Include="VMFramework\Load1\Tasks\CLoad1CommitPickerCamDistanceResultsTask.h">
      <Filter>VMFramework</Filter>
    </ClInclude>
  </ItemGroup>
  <ItemGroup>
    <ClCompile Include="Equipment2015.cpp">
      <Filter>소스 파일</Filter>
    </ClCompile>
    <ClCompile Include="Equipment2015Dlg.cpp">
      <Filter>소스 파일</Filter>
    </ClCompile>
    <ClCompile Include="stdafx.cpp">
      <Filter>소스 파일</Filter>
    </ClCompile>
    <ClCompile Include="Actuators\CCylinderBase.cpp">
      <Filter>Actuators</Filter>
    </ClCompile>
    <ClCompile Include="Actuators\CMmceIo.cpp">
      <Filter>Actuators</Filter>
    </ClCompile>
    <ClCompile Include="Actuators\COPSwitch.cpp">
      <Filter>Actuators</Filter>
    </ClCompile>
    <ClCompile Include="Actuators\CTimer.cpp">
      <Filter>Actuators</Filter>
    </ClCompile>
    <ClCompile Include="VMFramework\VisionProtocal\VisionMemoryProcessor.cpp">
      <Filter>VMFramework</Filter>
    </ClCompile>
    <ClCompile Include="VMFramework\mock\CMockDataRepository.cpp">
      <Filter>VMFramework</Filter>
    </ClCompile>
    <ClCompile Include="VMFramework\mock\CMockVisionEventHandler.cpp">
      <Filter>VMFramework</Filter>
    </ClCompile>
    <ClCompile Include="VMFramework\Load1\Load1Parts.cpp">
      <Filter>VMFramework</Filter>
    </ClCompile>
    <ClCompile Include="VMFramework\Load1\VatAdapterLoad1.cpp">
      <Filter>VMFramework</Filter>
    </ClCompile>
    <ClCompile Include="VMFramework\Load1\Tasks\CLoad1PerformPickerFOVScanningTask.cpp">
      <Filter>VMFramework</Filter>
    </ClCompile>
    <ClCompile Include="VMFramework\Load1\Tasks\CLoad1PerformPCDScanningTask.cpp">
      <Filter>VMFramework</Filter>
    </ClCompile>
    <ClCompile Include="VMFramework\Load1\Tasks\CLoad1PerformHandPitchScanningTask.cpp">
      <Filter>VMFramework</Filter>
    </ClCompile>
    <ClCompile Include="VMFramework\Load1\Tasks\CLoad1PerformFOVScanningTask.cpp">
      <Filter>VMFramework</Filter>
    </ClCompile>
    <ClCompile Include="VMFramework\Load1\Tasks\CLoad1PerformFocusScanningTask.cpp">
      <Filter>VMFramework</Filter>
    </ClCompile>
    <ClCompile Include="VMFramework\Load1\Tasks\CLoad1PerformCalibrationTask.cpp">
      <Filter>VMFramework</Filter>
    </ClCompile>
    <ClCompile Include="VMFramework\Load1\Tasks\CLoad1PerformBacklashScanningTask.cpp">
      <Filter>VMFramework</Filter>
    </ClCompile>
    <ClCompile Include="VMFramework\Load1\Tasks\CLoad1MoveToStartPositionTask.cpp">
      <Filter>VMFramework</Filter>
    </ClCompile>
    <ClCompile Include="VMFramework\Load1\Tasks\CLoad1FindAlignPosTask.cpp">
      <Filter>VMFramework</Filter>
    </ClCompile>
    <ClCompile Include="VMFramework\Load1\Tasks\CLoad1CommitTeachingPosTask.cpp">
      <Filter>VMFramework</Filter>
    </ClCompile>
    <ClCompile Include="VMFramework\Load1\Tasks\CLoad1CommitPickerCamDistanceResultsTask.cpp">
      <Filter>VMFramework</Filter>
    </ClCompile>
  </ItemGroup>
  <ItemGroup>
    <ResourceCompile Include="Equipment2015.rc">
      <Filter>리소스 파일</Filter>
    </ResourceCompile>
  </ItemGroup>
  <ItemGroup>
    <None Include="res\Equipment2015.rc2">
      <Filter>리소스 파일</Filter>
    </None>
  </ItemGroup>
  <ItemGroup>
    <Image Include="res\Equipment2015.ico">
      <Filter>리소스 파일</Filter>
    </Image>
  </ItemGroup>
</Project>