<?xml version="1.0" encoding="utf-8"?>
<Project ToolsVersion="4.0" xmlns="http://schemas.microsoft.com/developer/msbuild/2003">
  <ItemGroup>
    <Filter Include="소스 파일">
      <UniqueIdentifier>{4FC737F1-C7A5-4376-A066-2A32D752A2FF}</UniqueIdentifier>
      <Extensions>cpp;c;cc;cxx;def;odl;idl;hpj;bat;asm;asmx</Extensions>
    </Filter>
    <Filter Include="헤더 파일">
      <UniqueIdentifier>{93995380-89BD-4b04-88EB-625FBE52EBFB}</UniqueIdentifier>
      <Extensions>h;hh;hpp;hxx;hm;inl;inc;xsd</Extensions>
    </Filter>
    <Filter Include="리소스 파일">
      <UniqueIdentifier>{67DA6AB6-F800-4c08-8B7A-83BB121AAD01}</UniqueIdentifier>
      <Extensions>rc;ico;cur;bmp;dlg;rc2;rct;bin;rgs;gif;jpg;jpeg;jpe;resx;tiff;tif;png;wav;mfcribbon-ms</Extensions>
    </Filter>
    <Filter Include="DVH_VAT">
      <UniqueIdentifier>{bae83fe6-680d-4913-b671-5a5220b1898f}</UniqueIdentifier>
    </Filter>
    <Filter Include="Actuators">
      <UniqueIdentifier>{8949d048-fbfc-457c-8d34-1a5fcc8b46ea}</UniqueIdentifier>
    </Filter>
    <Filter Include="DVH_VAT\Load1">
      <UniqueIdentifier>{6c1c8498-29ea-4b46-9791-587b53f2de54}</UniqueIdentifier>
    </Filter>
    <Filter Include="DVH_VAT\Mock">
      <UniqueIdentifier>{58c3601d-fa2a-4c2d-ae19-d7a01f5e2a72}</UniqueIdentifier>
    </Filter>
    <Filter Include="DVH_VAT\Load1\Sequences">
      <UniqueIdentifier>{154aa89f-ff58-4d34-b031-10fa2254b76c}</UniqueIdentifier>
    </Filter>
    <Filter Include="DVH_VAT\Load1\Strategies">
      <UniqueIdentifier>{3810126a-9d30-4633-945a-74e061d1931b}</UniqueIdentifier>
    </Filter>
    <Filter Include="DVH_VAT\Load1\Tasks">
      <UniqueIdentifier>{cffd02bf-8e59-4502-9342-08efddc82fd5}</UniqueIdentifier>
    </Filter>
  </ItemGroup>
  <ItemGroup>
    <Text Include="ReadMe.txt" />
  </ItemGroup>
  <ItemGroup>
    <ClInclude Include="Equipment2015.h">
      <Filter>헤더 파일</Filter>
    </ClInclude>
    <ClInclude Include="Equipment2015Dlg.h">
      <Filter>헤더 파일</Filter>
    </ClInclude>
    <ClInclude Include="stdafx.h">
      <Filter>헤더 파일</Filter>
    </ClInclude>
    <ClInclude Include="targetver.h">
      <Filter>헤더 파일</Filter>
    </ClInclude>
    <ClInclude Include="Resource.h">
      <Filter>헤더 파일</Filter>
    </ClInclude>
    <ClInclude Include="Actuators\CAxisController.h">
      <Filter>Actuators</Filter>
    </ClInclude>
    <ClInclude Include="Actuators\CClampReleaseCylinder.h">
      <Filter>Actuators</Filter>
    </ClInclude>
    <ClInclude Include="Actuators\CCylinderBase.h">
      <Filter>Actuators</Filter>
    </ClInclude>
    <ClInclude Include="Actuators\CForBackCylinder.h">
      <Filter>Actuators</Filter>
    </ClInclude>
    <ClInclude Include="Actuators\CLamp.h">
      <Filter>Actuators</Filter>
    </ClInclude>
    <ClInclude Include="Actuators\CMmceIo.h">
      <Filter>Actuators</Filter>
    </ClInclude>
    <ClInclude Include="Actuators\CNarrowWideCylinder.h">
      <Filter>Actuators</Filter>
    </ClInclude>
    <ClInclude Include="Actuators\COpenCloseCylinder.h">
      <Filter>Actuators</Filter>
    </ClInclude>
    <ClInclude Include="Actuators\COPSwitch.h">
      <Filter>Actuators</Filter>
    </ClInclude>
    <ClInclude Include="Actuators\CTimer.h">
      <Filter>Actuators</Filter>
    </ClInclude>
    <ClInclude Include="Actuators\CUpDownCylinder.h">
      <Filter>Actuators</Filter>
    </ClInclude>
    <ClInclude Include="Actuators\CVaccumBlowCylinder.h">
      <Filter>Actuators</Filter>
    </ClInclude>
    <ClInclude Include="Actuators\ICylinder.h">
      <Filter>Actuators</Filter>
    </ClInclude>
    <ClInclude Include="Actuators\IDio.h">
      <Filter>Actuators</Filter>
    </ClInclude>
    <ClInclude Include="Actuators\IOPSwitch.h">
      <Filter>Actuators</Filter>
    </ClInclude>
    <ClInclude Include="DVH_VAT\DefineVAT.h">
      <Filter>DVH_VAT</Filter>
    </ClInclude>
    <ClInclude Include="DVH_VAT\MemorySequenceStrategy.h">
      <Filter>DVH_VAT</Filter>
    </ClInclude>
    <ClInclude Include="DVH_VAT\Load1\Load1Parts.h">
      <Filter>DVH_VAT\Load1</Filter>
    </ClInclude>
    <ClInclude Include="DVH_VAT\Load1\VatAdapterLoad1.h">
      <Filter>DVH_VAT\Load1</Filter>
    </ClInclude>
    <ClInclude Include="DVH_VAT\Load1\Tasks\CLoad1CommitPickerCamDistanceResultsTask.h">
      <Filter>DVH_VAT\Load1\Tasks</Filter>
    </ClInclude>
    <ClInclude Include="DVH_VAT\Load1\Tasks\CLoad1CommitTeachingPosTask.h">
      <Filter>DVH_VAT\Load1\Tasks</Filter>
    </ClInclude>
    <ClInclude Include="DVH_VAT\Load1\Tasks\CLoad1FindAlignPosTask.h">
      <Filter>DVH_VAT\Load1\Tasks</Filter>
    </ClInclude>
    <ClInclude Include="DVH_VAT\Load1\Tasks\CLoad1MoveToStartPositionTask.h">
      <Filter>DVH_VAT\Load1\Tasks</Filter>
    </ClInclude>
    <ClInclude Include="DVH_VAT\Load1\Tasks\CLoad1PerformBacklashScanningTask.h">
      <Filter>DVH_VAT\Load1\Tasks</Filter>
    </ClInclude>
    <ClInclude Include="DVH_VAT\Load1\Tasks\CLoad1PerformCalibrationTask.h">
      <Filter>DVH_VAT\Load1\Tasks</Filter>
    </ClInclude>
    <ClInclude Include="DVH_VAT\Load1\Tasks\CLoad1PerformFocusScanningTask.h">
      <Filter>DVH_VAT\Load1\Tasks</Filter>
    </ClInclude>
    <ClInclude Include="DVH_VAT\Load1\Tasks\CLoad1PerformFOVScanningTask.h">
      <Filter>DVH_VAT\Load1\Tasks</Filter>
    </ClInclude>
    <ClInclude Include="DVH_VAT\Load1\Tasks\CLoad1PerformHandPitchScanningTask.h">
      <Filter>DVH_VAT\Load1\Tasks</Filter>
    </ClInclude>
    <ClInclude Include="DVH_VAT\Load1\Tasks\CLoad1PerformPCDScanningTask.h">
      <Filter>DVH_VAT\Load1\Tasks</Filter>
    </ClInclude>
    <ClInclude Include="DVH_VAT\Load1\Tasks\CLoad1PerformPickerFOVScanningTask.h">
      <Filter>DVH_VAT\Load1\Tasks</Filter>
    </ClInclude>
    <ClInclude Include="DVH_VAT\Load1\Strategies\CLoad1BacklashSequenceStrategy.h">
      <Filter>DVH_VAT\Load1\Strategies</Filter>
    </ClInclude>
    <ClInclude Include="DVH_VAT\Load1\Strategies\CLoad1CAM6FOVSequenceStrategy.h">
      <Filter>DVH_VAT\Load1\Strategies</Filter>
    </ClInclude>
    <ClInclude Include="DVH_VAT\Load1\Strategies\CLoad1CAM7FOVSequenceStrategy.h">
      <Filter>DVH_VAT\Load1\Strategies</Filter>
    </ClInclude>
    <ClInclude Include="DVH_VAT\Load1\Strategies\CLoad1HandPitchCheckSequenceStrategy.h">
      <Filter>DVH_VAT\Load1\Strategies</Filter>
    </ClInclude>
    <ClInclude Include="DVH_VAT\Load1\Strategies\CLoad1LeftPlateJigCheckSequenceStrategy.h">
      <Filter>DVH_VAT\Load1\Strategies</Filter>
    </ClInclude>
    <ClInclude Include="DVH_VAT\Load1\Strategies\CLoad1LeftPlateJIGFocusCheckSequenceStrategy.h">
      <Filter>DVH_VAT\Load1\Strategies</Filter>
    </ClInclude>
    <ClInclude Include="DVH_VAT\Load1\Strategies\CLoad1LeftPlateJigFOVCheckSequenceStrategy.h">
      <Filter>DVH_VAT\Load1\Strategies</Filter>
    </ClInclude>
    <ClInclude Include="DVH_VAT\Load1\Strategies\CLoad1LeftUpperCamCheckSequenceStrategy.h">
      <Filter>DVH_VAT\Load1\Strategies</Filter>
    </ClInclude>
    <ClInclude Include="DVH_VAT\Load1\Strategies\CLoad1LowCamCheckSequenceStrategy.h">
      <Filter>DVH_VAT\Load1\Strategies</Filter>
    </ClInclude>
    <ClInclude Include="DVH_VAT\Load1\Strategies\CLoad1LowCamFOVCheckSequenceStrategy.h">
      <Filter>DVH_VAT\Load1\Strategies</Filter>
    </ClInclude>
    <ClInclude Include="DVH_VAT\Load1\Strategies\CLoad1LowCamPlateJIGFocusCheckSequenceStrategy.h">
      <Filter>DVH_VAT\Load1\Strategies</Filter>
    </ClInclude>
    <ClInclude Include="DVH_VAT\Load1\Strategies\CLoad1LowPlateJIGCheckSequenceStrategy.h">
      <Filter>DVH_VAT\Load1\Strategies</Filter>
    </ClInclude>
    <ClInclude Include="DVH_VAT\Load1\Strategies\CLoad1PCDSequenceStrategy.h">
      <Filter>DVH_VAT\Load1\Strategies</Filter>
    </ClInclude>
    <ClInclude Include="DVH_VAT\Load1\Strategies\CLoad1RightJigFOVCheckSequenceStrategy.h">
      <Filter>DVH_VAT\Load1\Strategies</Filter>
    </ClInclude>
    <ClInclude Include="DVH_VAT\Load1\Strategies\CLoad1RightPlateJigCheckSequenceStrategy.h">
      <Filter>DVH_VAT\Load1\Strategies</Filter>
    </ClInclude>
    <ClInclude Include="DVH_VAT\Load1\Strategies\CLoad1RightPlateJIGFocusCheckSequenceStrategy.h">
      <Filter>DVH_VAT\Load1\Strategies</Filter>
    </ClInclude>
    <ClInclude Include="DVH_VAT\Load1\Strategies\CLoad1RightUpperCamCheckSequenceStrategy.h">
      <Filter>DVH_VAT\Load1\Strategies</Filter>
    </ClInclude>
    <ClInclude Include="DVH_VAT\Load1\Sequences\CLoad1BacklashSequenceBuilder.h">
      <Filter>DVH_VAT\Load1\Sequences</Filter>
    </ClInclude>
    <ClInclude Include="DVH_VAT\Load1\Sequences\CLoad1HandPitchCheckSequenceBuilder.h">
      <Filter>DVH_VAT\Load1\Sequences</Filter>
    </ClInclude>
    <ClInclude Include="DVH_VAT\Load1\Sequences\CLoad1LowCamCheckSequenceBuilder.h">
      <Filter>DVH_VAT\Load1\Sequences</Filter>
    </ClInclude>
    <ClInclude Include="DVH_VAT\Load1\Sequences\CLoad1LowCamFOVCheckSequenceBuilder.h">
      <Filter>DVH_VAT\Load1\Sequences</Filter>
    </ClInclude>
    <ClInclude Include="DVH_VAT\Load1\Sequences\CLoad1PCDSequenceBuilder.h">
      <Filter>DVH_VAT\Load1\Sequences</Filter>
    </ClInclude>
    <ClInclude Include="DVH_VAT\Load1\Sequences\CLoad1PlateJigFOVSequenceBuilder.h">
      <Filter>DVH_VAT\Load1\Sequences</Filter>
    </ClInclude>
    <ClInclude Include="DVH_VAT\Load1\Sequences\CLoad1PlateJigSequenceBuilder.h">
      <Filter>DVH_VAT\Load1\Sequences</Filter>
    </ClInclude>
    <ClInclude Include="DVH_VAT\Load1\Sequences\CLoad1TargetJigSequenceBuilder.h">
      <Filter>DVH_VAT\Load1\Sequences</Filter>
    </ClInclude>
    <ClInclude Include="DVH_VAT\Load1\Sequences\CLoad1UpperCamCheckSequenceBuilder.h">
      <Filter>DVH_VAT\Load1\Sequences</Filter>
    </ClInclude>
    <ClInclude Include="DVH_VAT\Load1\Sequences\CLoad1UpperCamFOVSequenceBuilder.h">
      <Filter>DVH_VAT\Load1\Sequences</Filter>
    </ClInclude>
    <ClInclude Include="DVH_VAT\Load1\Sequences\CLoad1ZFocusSequenceBuilder.h">
      <Filter>DVH_VAT\Load1\Sequences</Filter>
    </ClInclude>
    <ClInclude Include="DVH_VAT\mock\CMockDataRepository.h">
      <Filter>DVH_VAT\Mock</Filter>
    </ClInclude>
    <ClInclude Include="DVH_VAT\mock\CMockVisionEventHandler.h">
      <Filter>DVH_VAT\Mock</Filter>
    </ClInclude>
  </ItemGroup>
  <ItemGroup>
    <ClCompile Include="Equipment2015.cpp">
      <Filter>소스 파일</Filter>
    </ClCompile>
    <ClCompile Include="Equipment2015Dlg.cpp">
      <Filter>소스 파일</Filter>
    </ClCompile>
    <ClCompile Include="stdafx.cpp">
      <Filter>소스 파일</Filter>
    </ClCompile>
    <ClCompile Include="Actuators\CCylinderBase.cpp">
      <Filter>Actuators</Filter>
    </ClCompile>
    <ClCompile Include="Actuators\CMmceIo.cpp">
      <Filter>Actuators</Filter>
    </ClCompile>
    <ClCompile Include="Actuators\COPSwitch.cpp">
      <Filter>Actuators</Filter>
    </ClCompile>
    <ClCompile Include="Actuators\CTimer.cpp">
      <Filter>Actuators</Filter>
    </ClCompile>
    <ClCompile Include="DVH_VAT\Load1\Load1Parts.cpp">
      <Filter>DVH_VAT\Load1</Filter>
    </ClCompile>
    <ClCompile Include="DVH_VAT\Load1\VatAdapterLoad1.cpp">
      <Filter>DVH_VAT\Load1</Filter>
    </ClCompile>
    <ClCompile Include="DVH_VAT\Load1\Tasks\CLoad1CommitPickerCamDistanceResultsTask.cpp">
      <Filter>DVH_VAT\Load1\Tasks</Filter>
    </ClCompile>
    <ClCompile Include="DVH_VAT\Load1\Tasks\CLoad1CommitTeachingPosTask.cpp">
      <Filter>DVH_VAT\Load1\Tasks</Filter>
    </ClCompile>
    <ClCompile Include="DVH_VAT\Load1\Tasks\CLoad1FindAlignPosTask.cpp">
      <Filter>DVH_VAT\Load1\Tasks</Filter>
    </ClCompile>
    <ClCompile Include="DVH_VAT\Load1\Tasks\CLoad1MoveToStartPositionTask.cpp">
      <Filter>DVH_VAT\Load1\Tasks</Filter>
    </ClCompile>
    <ClCompile Include="DVH_VAT\Load1\Tasks\CLoad1PerformBacklashScanningTask.cpp">
      <Filter>DVH_VAT\Load1\Tasks</Filter>
    </ClCompile>
    <ClCompile Include="DVH_VAT\Load1\Tasks\CLoad1PerformCalibrationTask.cpp">
      <Filter>DVH_VAT\Load1\Tasks</Filter>
    </ClCompile>
    <ClCompile Include="DVH_VAT\Load1\Tasks\CLoad1PerformFocusScanningTask.cpp">
      <Filter>DVH_VAT\Load1\Tasks</Filter>
    </ClCompile>
    <ClCompile Include="DVH_VAT\Load1\Tasks\CLoad1PerformFOVScanningTask.cpp">
      <Filter>DVH_VAT\Load1\Tasks</Filter>
    </ClCompile>
    <ClCompile Include="DVH_VAT\Load1\Tasks\CLoad1PerformHandPitchScanningTask.cpp">
      <Filter>DVH_VAT\Load1\Tasks</Filter>
    </ClCompile>
    <ClCompile Include="DVH_VAT\Load1\Tasks\CLoad1PerformPCDScanningTask.cpp">
      <Filter>DVH_VAT\Load1\Tasks</Filter>
    </ClCompile>
    <ClCompile Include="DVH_VAT\Load1\Tasks\CLoad1PerformPickerFOVScanningTask.cpp">
      <Filter>DVH_VAT\Load1\Tasks</Filter>
    </ClCompile>
    <ClCompile Include="DVH_VAT\mock\CMockDataRepository.cpp">
      <Filter>DVH_VAT\Mock</Filter>
    </ClCompile>
    <ClCompile Include="DVH_VAT\mock\CMockVisionEventHandler.cpp">
      <Filter>DVH_VAT\Mock</Filter>
    </ClCompile>
  </ItemGroup>
  <ItemGroup>
    <ResourceCompile Include="Equipment2015.rc">
      <Filter>리소스 파일</Filter>
    </ResourceCompile>
  </ItemGroup>
  <ItemGroup>
    <None Include="res\Equipment2015.rc2">
      <Filter>리소스 파일</Filter>
    </None>
  </ItemGroup>
  <ItemGroup>
    <Image Include="res\Equipment2015.ico">
      <Filter>리소스 파일</Filter>
    </Image>
  </ItemGroup>
</Project>