<?xml version="1.0" encoding="utf-8"?>
<Project ToolsVersion="4.0" xmlns="http://schemas.microsoft.com/developer/msbuild/2003">
  <ItemGroup>
    <ClCompile Include="dllmain.cpp" />
    <ClCompile Include="src\Orchestrator.cpp" />
    <ClCompile Include="src\SqliteDataRepository.cpp" />
    <ClCompile Include="VisionMotionFramework.cpp" />
    <ClCompile Include="src\AsyncExecutor.cpp" />
    <ClCompile Include="src\FileDataRepository.cpp" />
    <ClCompile Include="src\Logger.cpp" />
    <ClCompile Include="src\RepositoryFactory.cpp" />
    <ClCompile Include="src\SequenceBuilderBase.cpp" />
    <ClCompile Include="src\RunController.cpp" />
    <ClCompile Include="src\Sequence.cpp" />
    <ClCompile Include="src\Context.cpp" />
    <ClCompile Include="src\ComponentSetupBase.cpp" />
    <ClCompile Include="src\ConnectionManager.cpp" />
    <ClCompile Include="src\VisionProcessorBase.cpp" />
    <ClCompile Include="stdafx.cpp" />
    <ClCompile Include="src\Mock\CMockDataRepository.cpp">
      <Filter>Mocks</Filter>
    </ClCompile>
    <ClCompile Include="src\Mock\CMockVisionEventHandler.cpp">
      <Filter>Mocks</Filter>
    </ClCompile>
  </ItemGroup>
  <ItemGroup>
    <ClInclude Include="include\AsyncExecutor.h" />
    <ClInclude Include="include\CompatUtils.h" />
    <ClInclude Include="include\CVisionOptional.h" />
    <ClInclude Include="include\Orchestrator.h" />
    <ClInclude Include="include\VMF_API.h" />
    <ClInclude Include="include\FileDataRepository.h" />
    <ClInclude Include="include\FileUtils.h" />
    <ClInclude Include="include\IDataRepository.h" />
    <ClInclude Include="include\IResultSink.h" />
    <ClInclude Include="include\ITask.h" />
    <ClInclude Include="include\IActuator.h" />
    <ClInclude Include="include\ISequence.h" />
    <ClInclude Include="include\ISequenceSetup.h" />
    <ClInclude Include="include\IComponentSetup.h" />
    <ClInclude Include="include\IVisionProcessor.h" />
    <ClInclude Include="include\Logger.h" />
    <ClInclude Include="include\DefaultSetupStrategy.h" />
    <ClInclude Include="include\NonBlockingTaskBase.h" />
    <ClInclude Include="include\RepositoryFactory.h" />
    <ClInclude Include="include\SaveUtils.h" />
    <ClInclude Include="include\SequenceBuilderBase.h" />
    <ClInclude Include="include\SqliteDataRepository.h" />
    <ClInclude Include="include\Sequence.h" />
    <ClInclude Include="include\Types.h" />
    <ClInclude Include="include\RunController.h" />
    <ClInclude Include="include\Context.h" />
    <ClInclude Include="include\ComponentSetupBase.h" />
    <ClInclude Include="include\ConnectionManager.h" />
    <ClInclude Include="include\VisionProcessorBase.h" />
    <ClInclude Include="Resource.h" />
    <ClInclude Include="stdafx.h" />
    <ClInclude Include="targetver.h" />
    <ClInclude Include="include\CMockDataRepository.h">
      <Filter>Mocks</Filter>
    </ClInclude>
    <ClInclude Include="include\CMockVisionEventHandler.h">
      <Filter>Mocks</Filter>
    </ClInclude>
  </ItemGroup>
  <ItemGroup>
    <ResourceCompile Include="VisionMotionFramework.rc" />
  </ItemGroup>
  <ItemGroup>
    <None Include="VisionMotionFramework.def" />
    <None Include="ReadMe.txt" />
    <None Include="res\VisionMotionFramework.rc2" />
    <None Include="..\docs\VMF_DeploymentStrategy.md" />
  </ItemGroup>
  <ItemGroup>
    <Filter Include="Mocks">
      <UniqueIdentifier>{87d0c5cb-7fb1-4fc4-8e74-8bfe0c68d698}</UniqueIdentifier>
    </Filter>
  </ItemGroup>
</Project>