<?xml version="1.0" encoding="utf-8"?>
<Project ToolsVersion="4.0" xmlns="http://schemas.microsoft.com/developer/msbuild/2003">
  <ItemGroup>
    <ClCompile Include="src\Mock\CMockRepository.cpp">
      <Filter>Mocks</Filter>
    </ClCompile>
    <ClCompile Include="src\Mock\CMockVisionClient.cpp">
      <Filter>Mocks</Filter>
    </ClCompile>
    <ClCompile Include="src\Orchestrator.cpp">
      <Filter>Engine</Filter>
    </ClCompile>
    <ClCompile Include="src\RunController.cpp">
      <Filter>Engine</Filter>
    </ClCompile>
    <ClCompile Include="src\AsyncExecutor.cpp">
      <Filter>Engine</Filter>
    </ClCompile>
    <ClCompile Include="src\Context.cpp">
      <Filter>Engine</Filter>
    </ClCompile>
    <ClCompile Include="src\Sequence.cpp">
      <Filter>Engine</Filter>
    </ClCompile>
    <ClCompile Include="src\VisionConnectionManager.cpp">
      <Filter>VisionProcessor</Filter>
    </ClCompile>
    <ClCompile Include="src\RepositoryFactory.cpp">
      <Filter>Data</Filter>
    </ClCompile>
    <ClCompile Include="src\FileDataRepository.cpp">
      <Filter>Data</Filter>
    </ClCompile>
    <ClCompile Include="src\SqliteDataRepository.cpp">
      <Filter>Data</Filter>
    </ClCompile>
    <ClCompile Include="src\Logger.cpp">
      <Filter>Data</Filter>
    </ClCompile>
    <ClCompile Include="dllmain.cpp">
      <Filter>Build</Filter>
    </ClCompile>
    <ClCompile Include="stdafx.cpp">
      <Filter>Build</Filter>
    </ClCompile>
    <ClCompile Include="VisionMotionFramework.cpp">
      <Filter>Build</Filter>
    </ClCompile>
    <ClCompile Include="src\VisionClientManager.cpp">
      <Filter>VisionProcessor</Filter>
    </ClCompile>
    <ClCompile Include="src\DefaultSetupStrategy.cpp">
      <Filter>Engine</Filter>
    </ClCompile>
  </ItemGroup>
  <ItemGroup>
    <ClInclude Include="include\Orchestrator.h">
      <Filter>Engine</Filter>
    </ClInclude>
    <ClInclude Include="include\RunController.h">
      <Filter>Engine</Filter>
    </ClInclude>
    <ClInclude Include="include\AsyncExecutor.h">
      <Filter>Engine</Filter>
    </ClInclude>
    <ClInclude Include="include\Context.h">
      <Filter>Engine</Filter>
    </ClInclude>
    <ClInclude Include="include\IComponentSetup.h">
      <Filter>Engine</Filter>
    </ClInclude>
    <ClInclude Include="include\ISequenceSetup.h">
      <Filter>Engine</Filter>
    </ClInclude>
    <ClInclude Include="include\SequenceBuilderBase.h">
      <Filter>Engine</Filter>
    </ClInclude>
    <ClInclude Include="include\IResultSink.h">
      <Filter>Engine</Filter>
    </ClInclude>
    <ClInclude Include="include\ISequence.h">
      <Filter>Engine</Filter>
    </ClInclude>
    <ClInclude Include="include\Sequence.h">
      <Filter>Engine</Filter>
    </ClInclude>
    <ClInclude Include="include\ITask.h">
      <Filter>Engine</Filter>
    </ClInclude>
    <ClInclude Include="include\IVisionClient.h">
      <Filter>VisionProcessor</Filter>
    </ClInclude>
    <ClInclude Include="include\VisionConnectionManager.h">
      <Filter>VisionProcessor</Filter>
    </ClInclude>
    <ClInclude Include="include\IActuator.h">
      <Filter>Actuator</Filter>
    </ClInclude>
    <ClInclude Include="include\IDataRepository.h">
      <Filter>Data</Filter>
    </ClInclude>
    <ClInclude Include="include\RepositoryFactory.h">
      <Filter>Data</Filter>
    </ClInclude>
    <ClInclude Include="include\FileDataRepository.h">
      <Filter>Data</Filter>
    </ClInclude>
    <ClInclude Include="include\SqliteDataRepository.h">
      <Filter>Data</Filter>
    </ClInclude>
    <ClInclude Include="include\FileUtils.h">
      <Filter>Data</Filter>
    </ClInclude>
    <ClInclude Include="include\SaveUtils.h">
      <Filter>Data</Filter>
    </ClInclude>
    <ClInclude Include="include\Logger.h">
      <Filter>Data</Filter>
    </ClInclude>
    <ClInclude Include="include\DefaultSetupStrategy.h">
      <Filter>Engine</Filter>
    </ClInclude>
    <ClInclude Include="include\VMF_API.h">
      <Filter>Common</Filter>
    </ClInclude>
    <ClInclude Include="include\Types.h">
      <Filter>Common</Filter>
    </ClInclude>
    <ClInclude Include="include\NonBlockingTaskBase.h">
      <Filter>Common</Filter>
    </ClInclude>
    <ClInclude Include="include\CVisionOptional.h">
      <Filter>Common</Filter>
    </ClInclude>
    <ClInclude Include="include\CompatUtils.h">
      <Filter>Common</Filter>
    </ClInclude>
    <ClInclude Include="Resource.h">
      <Filter>Build</Filter>
    </ClInclude>
    <ClInclude Include="stdafx.h">
      <Filter>Build</Filter>
    </ClInclude>
    <ClInclude Include="targetver.h">
      <Filter>Build</Filter>
    </ClInclude>
    <ClInclude Include="include\VisionClientManager.h">
      <Filter>VisionProcessor</Filter>
    </ClInclude>
    <ClInclude Include="include\IParamProvider.h">
      <Filter>Engine</Filter>
    </ClInclude>
    <ClInclude Include="include\Mock\CMockVisionClient.h">
      <Filter>Mocks</Filter>
    </ClInclude>
    <ClInclude Include="include\Mock\CMockRepository.h">
      <Filter>Mocks</Filter>
    </ClInclude>
    <ClInclude Include="include\IDataRepositoryExtension.h">
      <Filter>Data</Filter>
    </ClInclude>
  </ItemGroup>
  <ItemGroup>
    <None Include="ReadMe.txt">
      <Filter>Build</Filter>
    </None>
    <None Include="VisionMotionFramework.def">
      <Filter>Build</Filter>
    </None>
    <None Include="res\VisionMotionFramework.rc2">
      <Filter>Build</Filter>
    </None>
  </ItemGroup>
  <ItemGroup>
    <Filter Include="Mocks">
      <UniqueIdentifier>{87d0c5cb-7fb1-4fc4-8e74-8bfe0c68d698}</UniqueIdentifier>
    </Filter>
    <Filter Include="Engine">
      <UniqueIdentifier>{c663798a-f865-46d1-92de-cb190737f978}</UniqueIdentifier>
    </Filter>
    <Filter Include="VisionProcessor">
      <UniqueIdentifier>{1e667626-9a04-43ee-afda-2e08d9c45f11}</UniqueIdentifier>
    </Filter>
    <Filter Include="Actuator">
      <UniqueIdentifier>{3cde9f8d-8406-40bb-b66b-eff2dead1123}</UniqueIdentifier>
    </Filter>
    <Filter Include="Data">
      <UniqueIdentifier>{298197ca-0721-416f-911f-b45d83eaf8f4}</UniqueIdentifier>
    </Filter>
    <Filter Include="Common">
      <UniqueIdentifier>{3945affa-e249-4ca9-8f9c-253e83dee4f3}</UniqueIdentifier>
    </Filter>
    <Filter Include="Build">
      <UniqueIdentifier>{e427ca7d-9e5a-4d36-90e2-d5a1e2074216}</UniqueIdentifier>
    </Filter>
  </ItemGroup>
  <ItemGroup>
    <ResourceCompile Include="VisionMotionFramework.rc">
      <Filter>Build</Filter>
    </ResourceCompile>
  </ItemGroup>
</Project>