<?xml version="1.0" encoding="utf-8"?>
<Project ToolsVersion="4.0" xmlns="http://schemas.microsoft.com/developer/msbuild/2003">
  <ItemGroup>
    <Filter Include="소스 파일">
      <UniqueIdentifier>{4FC737F1-C7A5-4376-A066-2A32D752A2FF}</UniqueIdentifier>
      <Extensions>cpp;c;cc;cxx;def;odl;idl;hpj;bat;asm;asmx</Extensions>
    </Filter>
    <Filter Include="헤더 파일">
      <UniqueIdentifier>{93995380-89BD-4b04-88EB-625FBE52EBFB}</UniqueIdentifier>
      <Extensions>h;hh;hpp;hxx;hm;inl;inc;xsd</Extensions>
    </Filter>
    <Filter Include="리소스 파일">
      <UniqueIdentifier>{67DA6AB6-F800-4c08-8B7A-83BB121AAD01}</UniqueIdentifier>
      <Extensions>rc;ico;cur;bmp;dlg;rc2;rct;bin;rgs;gif;jpg;jpeg;jpe;resx;tiff;tif;png;wav;mfcribbon-ms</Extensions>
    </Filter>
    <Filter Include="StateMachine">
      <UniqueIdentifier>{799e6e24-ac97-431a-aaf8-cab521e97e81}</UniqueIdentifier>
    </Filter>
    <Filter Include="Helper">
      <UniqueIdentifier>{46e77a17-5f0b-469f-b174-8ff6680e827e}</UniqueIdentifier>
    </Filter>
  </ItemGroup>
  <ItemGroup>
    <Text Include="ReadMe.txt" />
  </ItemGroup>
  <ItemGroup>
    <ClCompile Include="EquipmentCore.cpp">
      <Filter>소스 파일</Filter>
    </ClCompile>
    <ClCompile Include="stdafx.cpp">
      <Filter>소스 파일</Filter>
    </ClCompile>
    <ClCompile Include="src\Context.cpp">
      <Filter>StateMachine</Filter>
    </ClCompile>
    <ClCompile Include="src\AsyncExecutor.cpp">
      <Filter>StateMachine</Filter>
    </ClCompile>
    <ClCompile Include="src\Activity.cpp">
      <Filter>StateMachine</Filter>
    </ClCompile>
    <ClCompile Include="src\ActivityBuilderBase.cpp">
      <Filter>StateMachine</Filter>
    </ClCompile>
    <ClCompile Include="src\ActivityStrategyBase.cpp">
      <Filter>StateMachine</Filter>
    </ClCompile>
    <ClCompile Include="src\Logger.cpp">
      <Filter>Helper</Filter>
    </ClCompile>
    <ClCompile Include="src\Utils.cpp">
      <Filter>Helper</Filter>
    </ClCompile>
    <ClCompile Include="src\TaskBase.cpp">
      <Filter>StateMachine</Filter>
    </ClCompile>
    <ClCompile Include="src\ProcessController.cpp">
      <Filter>StateMachine</Filter>
    </ClCompile>
    <ClCompile Include="src\Orchestrator.cpp">
      <Filter>StateMachine</Filter>
    </ClCompile>
  </ItemGroup>
  <ItemGroup>
    <ClInclude Include="EquipmentCore.h">
      <Filter>헤더 파일</Filter>
    </ClInclude>
    <ClInclude Include="stdafx.h">
      <Filter>헤더 파일</Filter>
    </ClInclude>
    <ClInclude Include="targetver.h">
      <Filter>헤더 파일</Filter>
    </ClInclude>
    <ClInclude Include="Resource.h">
      <Filter>헤더 파일</Filter>
    </ClInclude>
    <ClInclude Include="include\EquipmentCore.h">
      <Filter>헤더 파일</Filter>
    </ClInclude>
    <ClInclude Include="include\EC_API.h">
      <Filter>헤더 파일</Filter>
    </ClInclude>
    <ClInclude Include="include\Context.h">
      <Filter>StateMachine</Filter>
    </ClInclude>
    <ClInclude Include="include\ITask.h">
      <Filter>StateMachine</Filter>
    </ClInclude>
    <ClInclude Include="include\ParamConverterFomatter.hpp">
      <Filter>헤더 파일</Filter>
    </ClInclude>
    <ClInclude Include="include\AsyncExecutor.h">
      <Filter>StateMachine</Filter>
    </ClInclude>
    <ClInclude Include="include\IResultSink.h">
      <Filter>StateMachine</Filter>
    </ClInclude>
    <ClInclude Include="include\IActivity.h">
      <Filter>StateMachine</Filter>
    </ClInclude>
    <ClInclude Include="include\IActivityStrategy.h">
      <Filter>StateMachine</Filter>
    </ClInclude>
    <ClInclude Include="include\Activity.h">
      <Filter>StateMachine</Filter>
    </ClInclude>
    <ClInclude Include="include\ActivityBuilderBase.h">
      <Filter>StateMachine</Filter>
    </ClInclude>
    <ClInclude Include="include\ActivityStrategyBase.h">
      <Filter>StateMachine</Filter>
    </ClInclude>
    <ClInclude Include="include\TaskBase.h">
      <Filter>StateMachine</Filter>
    </ClInclude>
    <ClInclude Include="include\Logger.h">
      <Filter>Helper</Filter>
    </ClInclude>
    <ClInclude Include="include\Utils.h">
      <Filter>Helper</Filter>
    </ClInclude>
    <ClInclude Include="include\ProcessController.h">
      <Filter>StateMachine</Filter>
    </ClInclude>
    <ClInclude Include="include\Orchestrator.h">
      <Filter>StateMachine</Filter>
    </ClInclude>
  </ItemGroup>
  <ItemGroup>
    <None Include="EquipmentCore.def">
      <Filter>소스 파일</Filter>
    </None>
    <None Include="res\EquipmentCore.rc2">
      <Filter>리소스 파일</Filter>
    </None>
  </ItemGroup>
  <ItemGroup>
    <ResourceCompile Include="EquipmentCore.rc">
      <Filter>리소스 파일</Filter>
    </ResourceCompile>
  </ItemGroup>
</Project>