<?xml version="1.0" encoding="utf-8"?>
<Project ToolsVersion="4.0" xmlns="http://schemas.microsoft.com/developer/msbuild/2003">
  <ItemGroup>
    <Filter Include="소스 파일">
      <UniqueIdentifier>{4FC737F1-C7A5-4376-A066-2A32D752A2FF}</UniqueIdentifier>
      <Extensions>cpp;c;cc;cxx;c++;cppm;ixx;def;odl;idl;hpj;bat;asm;asmx</Extensions>
    </Filter>
    <Filter Include="헤더 파일">
      <UniqueIdentifier>{93995380-89BD-4b04-88EB-625FBE52EBFB}</UniqueIdentifier>
      <Extensions>h;hh;hpp;hxx;h++;hm;inl;inc;ipp;xsd</Extensions>
    </Filter>
    <Filter Include="리소스 파일">
      <UniqueIdentifier>{67DA6AB6-F800-4c08-8B7A-83BB121AAD01}</UniqueIdentifier>
      <Extensions>rc;ico;cur;bmp;dlg;rc2;rct;bin;rgs;gif;jpg;jpeg;jpe;resx;tiff;tif;png;wav;mfcribbon-ms</Extensions>
    </Filter>
    <Filter Include="Sequences">
      <UniqueIdentifier>{0851c9b1-4925-4df7-aa6a-7fb39ce9ceb5}</UniqueIdentifier>
    </Filter>
    <Filter Include="Strategies">
      <UniqueIdentifier>{6f8f3207-e91c-4781-942f-eca96a05fd62}</UniqueIdentifier>
    </Filter>
    <Filter Include="Tasks">
      <UniqueIdentifier>{8b1531be-a7d8-48e7-a8b8-4d8386449958}</UniqueIdentifier>
    </Filter>
    <Filter Include="Actuator">
      <UniqueIdentifier>{24c29f5e-214e-4a9b-8794-a8fafaceb535}</UniqueIdentifier>
    </Filter>
    <Filter Include="Protocol">
      <UniqueIdentifier>{b3f1a8e2-4c7d-4a6e-9f2c-1d8e5a3b6f0a}</UniqueIdentifier>
    </Filter>
  </ItemGroup>
  <ItemGroup>
    <ClInclude Include="pch.h">
      <Filter>헤더 파일</Filter>
    </ClInclude>
    <ClInclude Include="include\SampleActuatorAdapter.h">
      <Filter>Actuator</Filter>
    </ClInclude>
    <ClInclude Include="include\VisionMemoryKeys.h">
      <Filter>Protocol</Filter>
    </ClInclude>
    <ClInclude Include="include\VisionMemoryProcessor.h">
      <Filter>Protocol</Filter>
    </ClInclude>
    <ClInclude Include="include\VisionPacketMemory.h">
      <Filter>Protocol</Filter>
    </ClInclude>
    <ClInclude Include="include\SampleZFocusSequenceBuilder.h">
      <Filter>Sequences</Filter>
    </ClInclude>
    <ClInclude Include="include\SampleSequenceStrategy.h">
      <Filter>Strategies</Filter>
    </ClInclude>
    <ClInclude Include="include\SampleMoveToStartPositionTask.h">
      <Filter>Tasks</Filter>
    </ClInclude>
    <ClInclude Include="include\SamplePerformFocusScanningTask.h">
      <Filter>Tasks</Filter>
    </ClInclude>
    <ClInclude Include="include\DefineVAT.h">
      <Filter>헤더 파일</Filter>
    </ClInclude>
    <ClInclude Include="include\VMFEquipmentPluginExport.h">
      <Filter>헤더 파일</Filter>
    </ClInclude>
    <ClInclude Include="framework.h">
      <Filter>헤더 파일</Filter>
    </ClInclude>
  </ItemGroup>
  <ItemGroup>
    <ClCompile Include="dllmain.cpp">
      <Filter>소스 파일</Filter>
    </ClCompile>
    <ClCompile Include="pch.cpp">
      <Filter>소스 파일</Filter>
    </ClCompile>
    <ClCompile Include="Tasks\SampleMoveToStartPositionTask.cpp">
      <Filter>Tasks</Filter>
    </ClCompile>
    <ClCompile Include="Tasks\SamplePerformFocusScanningTask.cpp">
      <Filter>Tasks</Filter>
    </ClCompile>
    <ClCompile Include="Actuator\SampleActuatorAdapter.cpp">
      <Filter>Actuator</Filter>
    </ClCompile>
    <ClCompile Include="Protocol\VisionMemoryProcessor.cpp">
      <Filter>Protocol</Filter>
    </ClCompile>
  </ItemGroup>
</Project>