<?xml version="1.0" encoding="utf-8"?>
<Project ToolsVersion="4.0" xmlns="http://schemas.microsoft.com/developer/msbuild/2003">
  <ItemGroup>
    <Filter Include="소스 파일">
      <UniqueIdentifier>{4FC737F1-C7A5-4376-A066-2A32D752A2FF}</UniqueIdentifier>
      <Extensions>cpp;c;cc;cxx;c++;cppm;ixx;def;odl;idl;hpj;bat;asm;asmx</Extensions>
    </Filter>
    <Filter Include="헤더 파일">
      <UniqueIdentifier>{93995380-89BD-4b04-88EB-625FBE52EBFB}</UniqueIdentifier>
      <Extensions>h;hh;hpp;hxx;h++;hm;inl;inc;ipp;xsd</Extensions>
    </Filter>
    <Filter Include="리소스 파일">
      <UniqueIdentifier>{67DA6AB6-F800-4c08-8B7A-83BB121AAD01}</UniqueIdentifier>
      <Extensions>rc;ico;cur;bmp;dlg;rc2;rct;bin;rgs;gif;jpg;jpeg;jpe;resx;tiff;tif;png;wav;mfcribbon-ms</Extensions>
    </Filter>
    <Filter Include="Loader1">
      <UniqueIdentifier>{ea569707-ffce-4ff2-9541-c49d4ea5e343}</UniqueIdentifier>
    </Filter>
    <Filter Include="Loader1\Tasks">
      <UniqueIdentifier>{8b1531be-a7d8-48e7-a8b8-4d8386449958}</UniqueIdentifier>
    </Filter>
    <Filter Include="Loader1\ZFocus">
      <UniqueIdentifier>{5fb4bdf1-7539-449f-82a2-448b88570ca8}</UniqueIdentifier>
    </Filter>
    <Filter Include="Loader1\ZFocus\Actuator">
      <UniqueIdentifier>{24c29f5e-214e-4a9b-8794-a8fafaceb535}</UniqueIdentifier>
    </Filter>
    <Filter Include="Loader1\ZFocus\Protocol">
      <UniqueIdentifier>{b3f1a8e2-4c7d-4a6e-9f2c-1d8e5a3b6f0a}</UniqueIdentifier>
    </Filter>
    <Filter Include="Loader1\ZFocus\Sequences">
      <UniqueIdentifier>{0851c9b1-4925-4df7-aa6a-7fb39ce9ceb5}</UniqueIdentifier>
    </Filter>
    <Filter Include="Loader1\PlateZIG">
      <UniqueIdentifier>{e4a77cd2-23d9-4fa5-9971-025a33f8c134}</UniqueIdentifier>
    </Filter>
    <Filter Include="Loader1\PLVI">
      <UniqueIdentifier>{ea1980f8-f4d5-40e8-8e98-5042668f35b6}</UniqueIdentifier>
    </Filter>
  </ItemGroup>
  <ItemGroup>
    <ClInclude Include="pch.h">
      <Filter>헤더 파일</Filter>
    </ClInclude>
    <ClInclude Include="include\SampleActuatorAdapter.h">
      <Filter>Loader1\ZFocus\Actuator</Filter>
    </ClInclude>
    <ClInclude Include="include\VisionParamKeys.h">
      <Filter>Loader1\ZFocus\Protocol</Filter>
    </ClInclude>
    <ClInclude Include="include\VisionProcessor.h">
      <Filter>Loader1\ZFocus\Protocol</Filter>
    </ClInclude>
    <ClInclude Include="include\VisionPacket.h">
      <Filter>Loader1\ZFocus\Protocol</Filter>
    </ClInclude>
    <ClInclude Include="include\DefineVAT.h">
      <Filter>헤더 파일</Filter>
    </ClInclude>
    <ClInclude Include="include\VMFEquipmentPluginExport.h">
      <Filter>헤더 파일</Filter>
    </ClInclude>
    <ClInclude Include="framework.h">
      <Filter>헤더 파일</Filter>
    </ClInclude>
    <ClInclude Include="include\TaskLoad1MoveToStartPosition.h">
      <Filter>Loader1\Tasks</Filter>
    </ClInclude>
    <ClInclude Include="include\TaskLoad1PerformFocusScanning.h">
      <Filter>Loader1\Tasks</Filter>
    </ClInclude>
    <ClInclude Include="include\ZfocusLoad1Strategy.h">
      <Filter>Loader1\ZFocus\Sequences</Filter>
    </ClInclude>
    <ClInclude Include="include\ZFocusLoad1Builder.h">
      <Filter>Loader1\ZFocus\Sequences</Filter>
    </ClInclude>
  </ItemGroup>
  <ItemGroup>
    <ClCompile Include="dllmain.cpp">
      <Filter>소스 파일</Filter>
    </ClCompile>
    <ClCompile Include="pch.cpp">
      <Filter>소스 파일</Filter>
    </ClCompile>
    <ClCompile Include="scr\Protocol\VisionProcessor.cpp">
      <Filter>Loader1\ZFocus\Protocol</Filter>
    </ClCompile>
    <ClCompile Include="scr\Actuator\SampleActuatorAdapter.cpp">
      <Filter>Loader1\ZFocus\Actuator</Filter>
    </ClCompile>
    <ClCompile Include="scr\Tasks\TaskLoad1PerformFocusScanning.cpp">
      <Filter>Loader1\Tasks</Filter>
    </ClCompile>
    <ClCompile Include="scr\Tasks\TaskLoad1MoveToStartPosition.cpp">
      <Filter>Loader1\Tasks</Filter>
    </ClCompile>
    <ClCompile Include="scr\Strategies\ZfocusLoad1Strategy.cpp">
      <Filter>Loader1\ZFocus\Sequences</Filter>
    </ClCompile>
  </ItemGroup>
</Project>